
Microsoft Visual Studio Solution File, Format Version 12.00
# Visual Studio Version 17
VisualStudioVersion = 17.13.35825.156
MinimumVisualStudioVersion = 10.0.40219.1
Project("{FAE04EC0-301F-11D3-BF4B-00C04F79EFBC}") = "PHIRedactApp", "PHIRedactApp.csproj", "{FFC031A5-E208-446E-84C5-3418F3F7A6F9}"
EndProject
Project("{FAE04EC0-301F-11D3-BF4B-00C04F79EFBC}") = "PHIRedactWebApp", "..\PHIRedactWebApp\PHIRedactWebApp.csproj", "{29B979CD-06FE-4256-BBEE-970FE81B508C}"
EndProject
Project("{FAE04EC0-301F-11D3-BF4B-00C04F79EFBC}") = "PHIRedactAppUnitTests", "..\PHIRedactAppUnitTests\PHIRedactAppUnitTests.csproj", "{87956C57-80A2-44BB-8057-398608E013D3}"
EndProject
Global
	GlobalSection(SolutionConfigurationPlatforms) = preSolution
		Debug|Any CPU = Debug|Any CPU
		Release|Any CPU = Release|Any CPU
	EndGlobalSection
	GlobalSection(ProjectConfigurationPlatforms) = postSolution
		{FFC031A5-E208-446E-84C5-3418F3F7A6F9}.Debug|Any CPU.ActiveCfg = Debug|Any CPU
		{FFC031A5-E208-446E-84C5-3418F3F7A6F9}.Debug|Any CPU.Build.0 = Debug|Any CPU
		{FFC031A5-E208-446E-84C5-3418F3F7A6F9}.Release|Any CPU.ActiveCfg = Release|Any CPU
		{FFC031A5-E208-446E-84C5-3418F3F7A6F9}.Release|Any CPU.Build.0 = Release|Any CPU
		{29B979CD-06FE-4256-BBEE-970FE81B508C}.Debug|Any CPU.ActiveCfg = Debug|Any CPU
		{29B979CD-06FE-4256-BBEE-970FE81B508C}.Debug|Any CPU.Build.0 = Debug|Any CPU
		{29B979CD-06FE-4256-BBEE-970FE81B508C}.Release|Any CPU.ActiveCfg = Release|Any CPU
		{29B979CD-06FE-4256-BBEE-970FE81B508C}.Release|Any CPU.Build.0 = Release|Any CPU
		{87956C57-80A2-44BB-8057-398608E013D3}.Debug|Any CPU.ActiveCfg = Debug|Any CPU
		{87956C57-80A2-44BB-8057-398608E013D3}.Debug|Any CPU.Build.0 = Debug|Any CPU
		{87956C57-80A2-44BB-8057-398608E013D3}.Release|Any CPU.ActiveCfg = Release|Any CPU
		{87956C57-80A2-44BB-8057-398608E013D3}.Release|Any CPU.Build.0 = Release|Any CPU
	EndGlobalSection
	GlobalSection(SolutionProperties) = preSolution
		HideSolutionNode = FALSE
	EndGlobalSection
	GlobalSection(ExtensibilityGlobals) = postSolution
		SolutionGuid = {EECBA763-FBB5-4C8F-8EA3-B69373EE54D2}
	EndGlobalSection
EndGlobal
